{
  "version": 4,
  "terraform_version": "0.12.9",
  "serial": 3,
  "lineage": "d407638a-db1e-3434-b4bc-1030f2d426c8",
  "outputs": {},
  "resources": [
    {
      "mode": "managed",
      "type": "aws_internet_gateway",
      "name": "gw",
      "provider": "provider.aws",
      "instances": [
        {
          "schema_version": 0,
          "attributes": {
            "id": "igw-0ed9d5a8a852223d8",
            "owner_id": "343946490683",
            "tags": {
              "Name": "main"
            },
            "vpc_id": "vpc-01dda94cae09543d7"
          },
          "private": "bnVsbA==",
          "depends_on": [
            "aws_vpc.test_vpc"
          ]
        }
      ]
    },
    {
      "mode": "managed",
      "type": "aws_vpc",
      "name": "test_vpc",
      "provider": "provider.aws",
      "instances": [
        {
          "schema_version": 1,
          "attributes": {
            "arn": "arn:aws:ec2:us-east-1:343946490683:vpc/vpc-01dda94cae09543d7",
            "assign_generated_ipv6_cidr_block": false,
            "cidr_block": "10.0.0.0/16",
            "default_network_acl_id": "acl-05e667b813d66d487",
            "default_route_table_id": "rtb-0170e1746a4485d54",
            "default_security_group_id": "sg-058dff14101bb5ec9",
            "dhcp_options_id": "dopt-2d736256",
            "enable_classiclink": false,
            "enable_classiclink_dns_support": false,
            "enable_dns_hostnames": false,
            "enable_dns_support": true,
            "id": "vpc-01dda94cae09543d7",
            "instance_tenancy": "default",
            "ipv6_association_id": "",
            "ipv6_cidr_block": "",
            "main_route_table_id": "rtb-0170e1746a4485d54",
            "owner_id": "343946490683",
            "tags": {
              "Name": "test_vpc"
            }
          },
          "private": "eyJzY2hlbWFfdmVyc2lvbiI6IjEifQ=="
        }
      ]
    }
  ]
}
